// !$*UTF8*$!
{
	archiveVersion = 1;
	classes = {
	};
	objectVersion = 56;
	objects = {

/* Begin PBXBuildFile section */
		01FA04069F2BA1A03EB74D76 /* Cacheable.swift in Sources */ = {isa = PBXBuildFile; fileRef = C38FC22142A341686B3955D8 /* Cacheable.swift */; };
		0CF7E87F4F648278032CCE95 /* QuoteApiModel.swift in Sources */ = {isa = PBXBuildFile; fileRef = 4402CCC4BA250B2F4348FEF7 /* QuoteApiModel.swift */; };
		16BD267B4DBC17B8372A0815 /* LoadingStateView.swift in Sources */ = {isa = PBXBuildFile; fileRef = 0DEE6BBBADD2BB55BD08BB7A /* LoadingStateView.swift */; };
		19E3E3EFF8E1653718DC5D5C /* MainTabView.swift in Sources */ = {isa = PBXBuildFile; fileRef = 25BC14F2B5598398573E318F /* MainTabView.swift */; };
		1F248C2CD47E4DACFDD129BF /* User.swift in Sources */ = {isa = PBXBuildFile; fileRef = 243D8B5BA93205C8A064B4B7 /* User.swift */; };
		2246DAA2DE015BC26F231495 /* LoginView.swift in Sources */ = {isa = PBXBuildFile; fileRef = 945FD11A1E9DBE8FD01D562C /* LoginView.swift */; };
		23E0DA07B53ED0E7A168B0E6 /* RootView.swift in Sources */ = {isa = PBXBuildFile; fileRef = E4BB10D8BF887C9B2CB0F821 /* RootView.swift */; };
		3522B8B34B5E13F1B499D933 /* DestinationContent.swift in Sources */ = {isa = PBXBuildFile; fileRef = F46E6222A7A3C67058DC4AED /* DestinationContent.swift */; };
		3DD6B9BEAFE58297770CB06B /* DiskCache.swift in Sources */ = {isa = PBXBuildFile; fileRef = 132C0C1C2E884AF59A4795B3 /* DiskCache.swift */; };
		4244335B0E06F92593995107 /* QuoteApp.swift in Sources */ = {isa = PBXBuildFile; fileRef = A473C89560F7BAEDD70A2C65 /* QuoteApp.swift */; };
		63BD2FE32D3ABCB27590D3D4 /* AuthResponseApiModel.swift in Sources */ = {isa = PBXBuildFile; fileRef = 2A206659AE5AC43E2F5E9039 /* AuthResponseApiModel.swift */; };
		695A98FA8979183ABB9FFB62 /* UserApiModel.swift in Sources */ = {isa = PBXBuildFile; fileRef = A1CB7F04D419FB8A2D58CE42 /* UserApiModel.swift */; };
		6C129E2CFCE94CEB6A57D1B9 /* AuthStore.swift in Sources */ = {isa = PBXBuildFile; fileRef = 8629EEDD0C2FF95AD3FC26CB /* AuthStore.swift */; };
		7B399BB0D06A531020CF1399 /* CachePolicy.swift in Sources */ = {isa = PBXBuildFile; fileRef = 763CC0A2302AE0BE66F96693 /* CachePolicy.swift */; };
		7F4A5B6C7D8E9F0A1B2C3D4E5F6A7 /* OpenLibraryService.swift in Sources */ = {isa = PBXBuildFile; fileRef = 6E3F4A5B6C7D8E9F0A1B2C3D4E5F6 /* OpenLibraryService.swift */; };
		7F81642010D14A7C139276DF /* ApiModel.swift in Sources */ = {isa = PBXBuildFile; fileRef = 3B59FE538C3F74CFC95BF786 /* ApiModel.swift */; };
		8010488ECFC801D7D359527B /* QuoteDetailView.swift in Sources */ = {isa = PBXBuildFile; fileRef = 3325387BE523361190BEA6B1 /* QuoteDetailView.swift */; };
		858210D4A001EFA2C79F54A2 /* APIClient.swift in Sources */ = {isa = PBXBuildFile; fileRef = A20ED97034ACBA75855A842C /* APIClient.swift */; };
		858255471FA1A181CC116CD9 /* Screen.swift in Sources */ = {isa = PBXBuildFile; fileRef = 45DD78A51E670E86C49DA79A /* Screen.swift */; };
		8D40953895D4B7942809AB1F /* QuoteService.swift in Sources */ = {isa = PBXBuildFile; fileRef = F9935A105749E2C6F6BBBCD2 /* QuoteService.swift */; };
		93F0D6830A5CBD7B4F7BF2A8 /* FeedView.swift in Sources */ = {isa = PBXBuildFile; fileRef = 0CB66133560A15CD08002EF1 /* FeedView.swift */; };
		95C403A7AB6B3BA565B7FCBA /* QuoteStore.swift in Sources */ = {isa = PBXBuildFile; fileRef = DA97658021E778C17D9AE293 /* QuoteStore.swift */; };
		5D2E3F4A5B6C7D8E9F0A1B2C3D4E5 /* CreateQuoteBody.swift in Sources */ = {isa = PBXBuildFile; fileRef = 4C1D2E3F4A5B6C7D8E9F0A1B2C3D4 /* CreateQuoteBody.swift */; };
		9A5CC296A3457AB4E697AFAB /* Comment.swift in Sources */ = {isa = PBXBuildFile; fileRef = 3C60F1F987F218551780C57B /* Comment.swift */; };
		A52AECA3865E45D9F53EBC77 /* CommentView.swift in Sources */ = {isa = PBXBuildFile; fileRef = F8CA691EA87746BD4F84BFD4 /* CommentView.swift */; };
		A827EA6B06FF8B93D5D77C59 /* TieredCache.swift in Sources */ = {isa = PBXBuildFile; fileRef = 89A411447F122EC0BF9224CA /* TieredCache.swift */; };
		A9902AB0703B854CC10C08EF /* CommentApiModel.swift in Sources */ = {isa = PBXBuildFile; fileRef = 8BAE4821ED0C70B45D62F854 /* CommentApiModel.swift */; };
		AD10BFDB4C305AC7CF47FD1C /* Quote.swift in Sources */ = {isa = PBXBuildFile; fileRef = 82414FF8A71A35EC8D794AD5 /* Quote.swift */; };
		B905299BAC5197A00B144BEE /* AuthService.swift in Sources */ = {isa = PBXBuildFile; fileRef = AC48B98BD11DF8B732AEA32D /* AuthService.swift */; };
		C1ECCE498053804A100DFF4C /* DomainModel.swift in Sources */ = {isa = PBXBuildFile; fileRef = 4BDEA94264973271FC31C003 /* DomainModel.swift */; };
		DD295426E04E1DAA56576C0D /* TokenStore.swift in Sources */ = {isa = PBXBuildFile; fileRef = B7097CDA0BCEB17625BB5CB4 /* TokenStore.swift */; };
		DF449C0CC43B98252096B301 /* MemoryCache.swift in Sources */ = {isa = PBXBuildFile; fileRef = EA0523DA4D0F98537DB3E00A /* MemoryCache.swift */; };
		E1749D5B1342AC3ED74F1656 /* Assets.xcassets in Resources */ = {isa = PBXBuildFile; fileRef = BAF9332F06A030FF14476455 /* Assets.xcassets */; };
		E8CF01E46F1EFD8C41FD3267 /* QuoteCardView.swift in Sources */ = {isa = PBXBuildFile; fileRef = 1F8389B56BE4815C6C2C088F /* QuoteCardView.swift */; };
		F2A3B4C5D6E7F8A9B0C1D2E3 /* TextRecognitionService.swift in Sources */ = {isa = PBXBuildFile; fileRef = E1F2A3B4C5D6E7F8A9B0C1D2 /* TextRecognitionService.swift */; };
		F2A3B4C5D6E7F8A9B0C1D2E4 /* ImagePicker.swift in Sources */ = {isa = PBXBuildFile; fileRef = E1F2A3B4C5D6E7F8A9B0C1D3 /* ImagePicker.swift */; };
		F2A3B4C5D6E7F8A9B0C1D2E5 /* ScanQuoteView.swift in Sources */ = {isa = PBXBuildFile; fileRef = E1F2A3B4C5D6E7F8A9B0C1D4 /* ScanQuoteView.swift */; };
		F2A3B4C5D6E7F8A9B0C1D2E6 /* ScanResultView.swift in Sources */ = {isa = PBXBuildFile; fileRef = E1F2A3B4C5D6E7F8A9B0C1D5 /* ScanResultView.swift */; };
		FC6DDC9F3D8E9C5F2373DEAA /* SignUpView.swift in Sources */ = {isa = PBXBuildFile; fileRef = 545AD8D2E23E480931621DA2 /* SignUpView.swift */; };
/* End PBXBuildFile section */

/* Begin PBXFileReference section */
		0CB66133560A15CD08002EF1 /* FeedView.swift */ = {isa = PBXFileReference; lastKnownFileType = sourcecode.swift; path = FeedView.swift; sourceTree = "<group>"; };
		0DEE6BBBADD2BB55BD08BB7A /* LoadingStateView.swift */ = {isa = PBXFileReference; lastKnownFileType = sourcecode.swift; path = LoadingStateView.swift; sourceTree = "<group>"; };
		132C0C1C2E884AF59A4795B3 /* DiskCache.swift */ = {isa = PBXFileReference; lastKnownFileType = sourcecode.swift; path = DiskCache.swift; sourceTree = "<group>"; };
		1F8389B56BE4815C6C2C088F /* QuoteCardView.swift */ = {isa = PBXFileReference; lastKnownFileType = sourcecode.swift; path = QuoteCardView.swift; sourceTree = "<group>"; };
		243D8B5BA93205C8A064B4B7 /* User.swift */ = {isa = PBXFileReference; lastKnownFileType = sourcecode.swift; path = User.swift; sourceTree = "<group>"; };
		25BC14F2B5598398573E318F /* MainTabView.swift */ = {isa = PBXFileReference; lastKnownFileType = sourcecode.swift; path = MainTabView.swift; sourceTree = "<group>"; };
		2A206659AE5AC43E2F5E9039 /* AuthResponseApiModel.swift */ = {isa = PBXFileReference; lastKnownFileType = sourcecode.swift; path = AuthResponseApiModel.swift; sourceTree = "<group>"; };
		3325387BE523361190BEA6B1 /* QuoteDetailView.swift */ = {isa = PBXFileReference; lastKnownFileType = sourcecode.swift; path = QuoteDetailView.swift; sourceTree = "<group>"; };
		3B59FE538C3F74CFC95BF786 /* ApiModel.swift */ = {isa = PBXFileReference; lastKnownFileType = sourcecode.swift; path = ApiModel.swift; sourceTree = "<group>"; };
		3C60F1F987F218551780C57B /* Comment.swift */ = {isa = PBXFileReference; lastKnownFileType = sourcecode.swift; path = Comment.swift; sourceTree = "<group>"; };
		4402CCC4BA250B2F4348FEF7 /* QuoteApiModel.swift */ = {isa = PBXFileReference; lastKnownFileType = sourcecode.swift; path = QuoteApiModel.swift; sourceTree = "<group>"; };
		45DD78A51E670E86C49DA79A /* Screen.swift */ = {isa = PBXFileReference; lastKnownFileType = sourcecode.swift; path = Screen.swift; sourceTree = "<group>"; };
		4BDEA94264973271FC31C003 /* DomainModel.swift */ = {isa = PBXFileReference; lastKnownFileType = sourcecode.swift; path = DomainModel.swift; sourceTree = "<group>"; };
		545AD8D2E23E480931621DA2 /* SignUpView.swift */ = {isa = PBXFileReference; lastKnownFileType = sourcecode.swift; path = SignUpView.swift; sourceTree = "<group>"; };
		763CC0A2302AE0BE66F96693 /* CachePolicy.swift */ = {isa = PBXFileReference; lastKnownFileType = sourcecode.swift; path = CachePolicy.swift; sourceTree = "<group>"; };
		82414FF8A71A35EC8D794AD5 /* Quote.swift */ = {isa = PBXFileReference; lastKnownFileType = sourcecode.swift; path = Quote.swift; sourceTree = "<group>"; };
		8629EEDD0C2FF95AD3FC26CB /* AuthStore.swift */ = {isa = PBXFileReference; lastKnownFileType = sourcecode.swift; path = AuthStore.swift; sourceTree = "<group>"; };
		89A411447F122EC0BF9224CA /* TieredCache.swift */ = {isa = PBXFileReference; lastKnownFileType = sourcecode.swift; path = TieredCache.swift; sourceTree = "<group>"; };
		8BAE4821ED0C70B45D62F854 /* CommentApiModel.swift */ = {isa = PBXFileReference; lastKnownFileType = sourcecode.swift; path = CommentApiModel.swift; sourceTree = "<group>"; };
		945FD11A1E9DBE8FD01D562C /* LoginView.swift */ = {isa = PBXFileReference; lastKnownFileType = sourcecode.swift; path = LoginView.swift; sourceTree = "<group>"; };
		A1CB7F04D419FB8A2D58CE42 /* UserApiModel.swift */ = {isa = PBXFileReference; lastKnownFileType = sourcecode.swift; path = UserApiModel.swift; sourceTree = "<group>"; };
		A20ED97034ACBA75855A842C /* APIClient.swift */ = {isa = PBXFileReference; lastKnownFileType = sourcecode.swift; path = APIClient.swift; sourceTree = "<group>"; };
		A473C89560F7BAEDD70A2C65 /* QuoteApp.swift */ = {isa = PBXFileReference; lastKnownFileType = sourcecode.swift; path = QuoteApp.swift; sourceTree = "<group>"; };
		AC48B98BD11DF8B732AEA32D /* AuthService.swift */ = {isa = PBXFileReference; lastKnownFileType = sourcecode.swift; path = AuthService.swift; sourceTree = "<group>"; };
		B7097CDA0BCEB17625BB5CB4 /* TokenStore.swift */ = {isa = PBXFileReference; lastKnownFileType = sourcecode.swift; path = TokenStore.swift; sourceTree = "<group>"; };
		BAF9332F06A030FF14476455 /* Assets.xcassets */ = {isa = PBXFileReference; lastKnownFileType = folder.assetcatalog; path = Assets.xcassets; sourceTree = "<group>"; };
		C38FC22142A341686B3955D8 /* Cacheable.swift */ = {isa = PBXFileReference; lastKnownFileType = sourcecode.swift; path = Cacheable.swift; sourceTree = "<group>"; };
		4C1D2E3F4A5B6C7D8E9F0A1B2C3D4 /* CreateQuoteBody.swift */ = {isa = PBXFileReference; lastKnownFileType = sourcecode.swift; path = CreateQuoteBody.swift; sourceTree = "<group>"; };
		CBDDD2296983E1EF93CB4A54 /* QuoteApp.app */ = {isa = PBXFileReference; explicitFileType = wrapper.application; includeInIndex = 0; path = QuoteApp.app; sourceTree = BUILT_PRODUCTS_DIR; };
		DA97658021E778C17D9AE293 /* QuoteStore.swift */ = {isa = PBXFileReference; lastKnownFileType = sourcecode.swift; path = QuoteStore.swift; sourceTree = "<group>"; };
		6E3F4A5B6C7D8E9F0A1B2C3D4E5F6 /* OpenLibraryService.swift */ = {isa = PBXFileReference; lastKnownFileType = sourcecode.swift; path = OpenLibraryService.swift; sourceTree = "<group>"; };
		E4BB10D8BF887C9B2CB0F821 /* RootView.swift */ = {isa = PBXFileReference; lastKnownFileType = sourcecode.swift; path = RootView.swift; sourceTree = "<group>"; };
		EA0523DA4D0F98537DB3E00A /* MemoryCache.swift */ = {isa = PBXFileReference; lastKnownFileType = sourcecode.swift; path = MemoryCache.swift; sourceTree = "<group>"; };
		F46E6222A7A3C67058DC4AED /* DestinationContent.swift */ = {isa = PBXFileReference; lastKnownFileType = sourcecode.swift; path = DestinationContent.swift; sourceTree = "<group>"; };
		E1F2A3B4C5D6E7F8A9B0C1D2 /* TextRecognitionService.swift */ = {isa = PBXFileReference; lastKnownFileType = sourcecode.swift; path = TextRecognitionService.swift; sourceTree = "<group>"; };
		E1F2A3B4C5D6E7F8A9B0C1D3 /* ImagePicker.swift */ = {isa = PBXFileReference; lastKnownFileType = sourcecode.swift; path = ImagePicker.swift; sourceTree = "<group>"; };
		E1F2A3B4C5D6E7F8A9B0C1D4 /* ScanQuoteView.swift */ = {isa = PBXFileReference; lastKnownFileType = sourcecode.swift; path = ScanQuoteView.swift; sourceTree = "<group>"; };
		E1F2A3B4C5D6E7F8A9B0C1D5 /* ScanResultView.swift */ = {isa = PBXFileReference; lastKnownFileType = sourcecode.swift; path = ScanResultView.swift; sourceTree = "<group>"; };
		F8CA691EA87746BD4F84BFD4 /* CommentView.swift */ = {isa = PBXFileReference; lastKnownFileType = sourcecode.swift; path = CommentView.swift; sourceTree = "<group>"; };
		F9935A105749E2C6F6BBBCD2 /* QuoteService.swift */ = {isa = PBXFileReference; lastKnownFileType = sourcecode.swift; path = QuoteService.swift; sourceTree = "<group>"; };
/* End PBXFileReference section */

/* Begin PBXGroup section */
		05C34A80E2706DDA7A1F8029 = {
			isa = PBXGroup;
			children = (
				3E7C131AA1EE26F20E4868F8 /* QuoteApp */,
				48BA63277649980E71F6E33F /* Products */,
			);
			sourceTree = "<group>";
		};
		0A99F541608DF9A0BCD99FE5 /* Auth */ = {
			isa = PBXGroup;
			children = (
				945FD11A1E9DBE8FD01D562C /* LoginView.swift */,
				545AD8D2E23E480931621DA2 /* SignUpView.swift */,
			);
			path = Auth;
			sourceTree = "<group>";
		};
		0C231D89BD33AF0B7FA317C4 /* Api */ = {
			isa = PBXGroup;
			children = (
				3B59FE538C3F74CFC95BF786 /* ApiModel.swift */,
				2A206659AE5AC43E2F5E9039 /* AuthResponseApiModel.swift */,
				8BAE4821ED0C70B45D62F854 /* CommentApiModel.swift */,
				4C1D2E3F4A5B6C7D8E9F0A1B2C3D4 /* CreateQuoteBody.swift */,
				4402CCC4BA250B2F4348FEF7 /* QuoteApiModel.swift */,
				A1CB7F04D419FB8A2D58CE42 /* UserApiModel.swift */,
			);
			path = Api;
			sourceTree = "<group>";
		};
		13D1CF69087A71E49EE87FC9 /* Services */ = {
			isa = PBXGroup;
			children = (
				AC48B98BD11DF8B732AEA32D /* AuthService.swift */,
				8629EEDD0C2FF95AD3FC26CB /* AuthStore.swift */,
				6E3F4A5B6C7D8E9F0A1B2C3D4E5F6 /* OpenLibraryService.swift */,
				F9935A105749E2C6F6BBBCD2 /* QuoteService.swift */,
				DA97658021E778C17D9AE293 /* QuoteStore.swift */,
				E1F2A3B4C5D6E7F8A9B0C1D2 /* TextRecognitionService.swift */,
				8534DA89E3C533E24F551529 /* Networking */,
			);
			path = Services;
			sourceTree = "<group>";
		};
		394B0B45B284143FD31E30F3 /* Components */ = {
			isa = PBXGroup;
			children = (
				E1F2A3B4C5D6E7F8A9B0C1D3 /* ImagePicker.swift */,
				0DEE6BBBADD2BB55BD08BB7A /* LoadingStateView.swift */,
			);
			path = Components;
			sourceTree = "<group>";
		};
		3D74F759A3C8449FD5484706 /* Feed */ = {
			isa = PBXGroup;
			children = (
				0CB66133560A15CD08002EF1 /* FeedView.swift */,
				1F8389B56BE4815C6C2C088F /* QuoteCardView.swift */,
			);
			path = Feed;
			sourceTree = "<group>";
		};
		3E7C131AA1EE26F20E4868F8 /* QuoteApp */ = {
			isa = PBXGroup;
			children = (
				BAF9332F06A030FF14476455 /* Assets.xcassets */,
				A473C89560F7BAEDD70A2C65 /* QuoteApp.swift */,
				790271C8910F5BD0F3209B83 /* Cache */,
				D8D51628CB5D84C69E399DEB /* Models */,
				FFABCABAFF8E03E8BAFDCDD6 /* Navigation */,
				13D1CF69087A71E49EE87FC9 /* Services */,
				67A7C755FC0D59EA9831677D /* Views */,
			);
			path = QuoteApp;
			sourceTree = "<group>";
		};
		48BA63277649980E71F6E33F /* Products */ = {
			isa = PBXGroup;
			children = (
				CBDDD2296983E1EF93CB4A54 /* QuoteApp.app */,
			);
			name = Products;
			sourceTree = "<group>";
		};
		67A7C755FC0D59EA9831677D /* Views */ = {
			isa = PBXGroup;
			children = (
				0A99F541608DF9A0BCD99FE5 /* Auth */,
				A3B4C5D6E7F8A9B0C1D2E3F4 /* Create */,
				394B0B45B284143FD31E30F3 /* Components */,
				D1FDD479D81946A08224CDEB /* Detail */,
				3D74F759A3C8449FD5484706 /* Feed */,
			);
			path = Views;
			sourceTree = "<group>";
		};
		A3B4C5D6E7F8A9B0C1D2E3F4 /* Create */ = {
			isa = PBXGroup;
			children = (
				E1F2A3B4C5D6E7F8A9B0C1D4 /* ScanQuoteView.swift */,
				E1F2A3B4C5D6E7F8A9B0C1D5 /* ScanResultView.swift */,
			);
			path = Create;
			sourceTree = "<group>";
		};
		68A3BDA1C1750841CFA0EE7F /* Domain */ = {
			isa = PBXGroup;
			children = (
				3C60F1F987F218551780C57B /* Comment.swift */,
				4BDEA94264973271FC31C003 /* DomainModel.swift */,
				82414FF8A71A35EC8D794AD5 /* Quote.swift */,
				243D8B5BA93205C8A064B4B7 /* User.swift */,
			);
			path = Domain;
			sourceTree = "<group>";
		};
		790271C8910F5BD0F3209B83 /* Cache */ = {
			isa = PBXGroup;
			children = (
				C38FC22142A341686B3955D8 /* Cacheable.swift */,
				763CC0A2302AE0BE66F96693 /* CachePolicy.swift */,
				132C0C1C2E884AF59A4795B3 /* DiskCache.swift */,
				EA0523DA4D0F98537DB3E00A /* MemoryCache.swift */,
				89A411447F122EC0BF9224CA /* TieredCache.swift */,
			);
			path = Cache;
			sourceTree = "<group>";
		};
		8534DA89E3C533E24F551529 /* Networking */ = {
			isa = PBXGroup;
			children = (
				A20ED97034ACBA75855A842C /* APIClient.swift */,
				B7097CDA0BCEB17625BB5CB4 /* TokenStore.swift */,
			);
			path = Networking;
			sourceTree = "<group>";
		};
		D1FDD479D81946A08224CDEB /* Detail */ = {
			isa = PBXGroup;
			children = (
				F8CA691EA87746BD4F84BFD4 /* CommentView.swift */,
				3325387BE523361190BEA6B1 /* QuoteDetailView.swift */,
			);
			path = Detail;
			sourceTree = "<group>";
		};
		D8D51628CB5D84C69E399DEB /* Models */ = {
			isa = PBXGroup;
			children = (
				0C231D89BD33AF0B7FA317C4 /* Api */,
				68A3BDA1C1750841CFA0EE7F /* Domain */,
			);
			path = Models;
			sourceTree = "<group>";
		};
		FFABCABAFF8E03E8BAFDCDD6 /* Navigation */ = {
			isa = PBXGroup;
			children = (
				F46E6222A7A3C67058DC4AED /* DestinationContent.swift */,
				25BC14F2B5598398573E318F /* MainTabView.swift */,
				E4BB10D8BF887C9B2CB0F821 /* RootView.swift */,
				45DD78A51E670E86C49DA79A /* Screen.swift */,
			);
			path = Navigation;
			sourceTree = "<group>";
		};
/* End PBXGroup section */

/* Begin PBXNativeTarget section */
		8FC3DC1659CA50794E3AA60E /* QuoteApp */ = {
			isa = PBXNativeTarget;
			buildConfigurationList = 7469ACCAA340714B599ACE68 /* Build configuration list for PBXNativeTarget "QuoteApp" */;
			buildPhases = (
				2A6507BAAB6F3BE4B56EE6EC /* Sources */,
				385C4C06544AE893D9705575 /* Resources */,
			);
			buildRules = (
			);
			dependencies = (
			);
			name = QuoteApp;
			productName = QuoteApp;
			productReference = CBDDD2296983E1EF93CB4A54 /* QuoteApp.app */;
			productType = "com.apple.product-type.application";
		};
/* End PBXNativeTarget section */

/* Begin PBXProject section */
		D32DD8D8B033D305E062BCD7 /* Project object */ = {
			isa = PBXProject;
			attributes = {
				BuildIndependentTargetsInParallel = YES;
				LastUpgradeCheck = 2630;
			};
			buildConfigurationList = 96229B68A584E0E0463CDFC7 /* Build configuration list for PBXProject "QuoteApp" */;
			compatibilityVersion = "Xcode 14.0";
			developmentRegion = en;
			hasScannedForEncodings = 0;
			knownRegions = (
				Base,
				en,
			);
			mainGroup = 05C34A80E2706DDA7A1F8029;
			projectDirPath = "";
			projectRoot = "";
			targets = (
				8FC3DC1659CA50794E3AA60E /* QuoteApp */,
			);
		};
/* End PBXProject section */

/* Begin PBXResourcesBuildPhase section */
		385C4C06544AE893D9705575 /* Resources */ = {
			isa = PBXResourcesBuildPhase;
			buildActionMask = 2147483647;
			files = (
				E1749D5B1342AC3ED74F1656 /* Assets.xcassets in Resources */,
			);
			runOnlyForDeploymentPostprocessing = 0;
		};
/* End PBXResourcesBuildPhase section */

/* Begin PBXSourcesBuildPhase section */
		2A6507BAAB6F3BE4B56EE6EC /* Sources */ = {
			isa = PBXSourcesBuildPhase;
			buildActionMask = 2147483647;
			files = (
				858210D4A001EFA2C79F54A2 /* APIClient.swift in Sources */,
				7F81642010D14A7C139276DF /* ApiModel.swift in Sources */,
				63BD2FE32D3ABCB27590D3D4 /* AuthResponseApiModel.swift in Sources */,
				B905299BAC5197A00B144BEE /* AuthService.swift in Sources */,
				6C129E2CFCE94CEB6A57D1B9 /* AuthStore.swift in Sources */,
				7B399BB0D06A531020CF1399 /* CachePolicy.swift in Sources */,
				01FA04069F2BA1A03EB74D76 /* Cacheable.swift in Sources */,
				5D2E3F4A5B6C7D8E9F0A1B2C3D4E5 /* CreateQuoteBody.swift in Sources */,
				9A5CC296A3457AB4E697AFAB /* Comment.swift in Sources */,
				A9902AB0703B854CC10C08EF /* CommentApiModel.swift in Sources */,
				A52AECA3865E45D9F53EBC77 /* CommentView.swift in Sources */,
				3522B8B34B5E13F1B499D933 /* DestinationContent.swift in Sources */,
				3DD6B9BEAFE58297770CB06B /* DiskCache.swift in Sources */,
				C1ECCE498053804A100DFF4C /* DomainModel.swift in Sources */,
				93F0D6830A5CBD7B4F7BF2A8 /* FeedView.swift in Sources */,
				F2A3B4C5D6E7F8A9B0C1D2E4 /* ImagePicker.swift in Sources */,
				16BD267B4DBC17B8372A0815 /* LoadingStateView.swift in Sources */,
				2246DAA2DE015BC26F231495 /* LoginView.swift in Sources */,
				19E3E3EFF8E1653718DC5D5C /* MainTabView.swift in Sources */,
				DF449C0CC43B98252096B301 /* MemoryCache.swift in Sources */,
				7F4A5B6C7D8E9F0A1B2C3D4E5F6A7 /* OpenLibraryService.swift in Sources */,
				AD10BFDB4C305AC7CF47FD1C /* Quote.swift in Sources */,
				0CF7E87F4F648278032CCE95 /* QuoteApiModel.swift in Sources */,
				4244335B0E06F92593995107 /* QuoteApp.swift in Sources */,
				E8CF01E46F1EFD8C41FD3267 /* QuoteCardView.swift in Sources */,
				8010488ECFC801D7D359527B /* QuoteDetailView.swift in Sources */,
				8D40953895D4B7942809AB1F /* QuoteService.swift in Sources */,
				F2A3B4C5D6E7F8A9B0C1D2E5 /* ScanQuoteView.swift in Sources */,
				F2A3B4C5D6E7F8A9B0C1D2E6 /* ScanResultView.swift in Sources */,
				95C403A7AB6B3BA565B7FCBA /* QuoteStore.swift in Sources */,
				23E0DA07B53ED0E7A168B0E6 /* RootView.swift in Sources */,
				858255471FA1A181CC116CD9 /* Screen.swift in Sources */,
				F2A3B4C5D6E7F8A9B0C1D2E3 /* TextRecognitionService.swift in Sources */,
				FC6DDC9F3D8E9C5F2373DEAA /* SignUpView.swift in Sources */,
				A827EA6B06FF8B93D5D77C59 /* TieredCache.swift in Sources */,
				DD295426E04E1DAA56576C0D /* TokenStore.swift in Sources */,
				1F248C2CD47E4DACFDD129BF /* User.swift in Sources */,
				695A98FA8979183ABB9FFB62 /* UserApiModel.swift in Sources */,
			);
			runOnlyForDeploymentPostprocessing = 0;
		};
/* End PBXSourcesBuildPhase section */

/* Begin XCBuildConfiguration section */
		4AD789C12309C2B3DE5C6CF6 /* Release */ = {
			isa = XCBuildConfiguration;
			buildSettings = {
				ASSETCATALOG_COMPILER_APPICON_NAME = AppIcon;
				ASSETCATALOG_COMPILER_GLOBAL_ACCENT_COLOR_NAME = AccentColor;
				CODE_SIGN_IDENTITY = "iPhone Developer";
				CURRENT_PROJECT_VERSION = 1;
				GENERATE_INFOPLIST_FILE = YES;
				INFOPLIST_KEY_UIApplicationSceneManifest_Generation = YES;
				INFOPLIST_KEY_UIApplicationSupportsIndirectInputEvents = YES;
				INFOPLIST_KEY_UILaunchScreen_Generation = YES;
				INFOPLIST_KEY_UISupportedInterfaceOrientations_iPad = "UIInterfaceOrientationPortrait UIInterfaceOrientationPortraitUpsideDown UIInterfaceOrientationLandscapeLeft UIInterfaceOrientationLandscapeRight";
				INFOPLIST_KEY_UISupportedInterfaceOrientations_iPhone = UIInterfaceOrientationPortrait;
				INFOPLIST_KEY_NSCameraUsageDescription = "Quote uses the camera to capture text from book pages.";
				INFOPLIST_KEY_NSPhotoLibraryUsageDescription = "Quote uses the photo library to select an image for text recognition.";
				LD_RUNPATH_SEARCH_PATHS = (
					"$(inherited)",
					"@executable_path/Frameworks",
				);
				MARKETING_VERSION = 1.0;
				PRODUCT_BUNDLE_IDENTIFIER = com.quote.QuoteApp;
				SDKROOT = iphoneos;
				SWIFT_EMIT_LOC_STRINGS = YES;
				SWIFT_VERSION = 5.9;
				TARGETED_DEVICE_FAMILY = "1,2";
			};
			name = Release;
		};
		94A5C34407E527E61C80A706 /* Debug */ = {
			isa = XCBuildConfiguration;
			buildSettings = {
				ASSETCATALOG_COMPILER_APPICON_NAME = AppIcon;
				ASSETCATALOG_COMPILER_GLOBAL_ACCENT_COLOR_NAME = AccentColor;
				CODE_SIGN_IDENTITY = "iPhone Developer";
				CURRENT_PROJECT_VERSION = 1;
				GENERATE_INFOPLIST_FILE = YES;
				INFOPLIST_KEY_UIApplicationSceneManifest_Generation = YES;
				INFOPLIST_KEY_UIApplicationSupportsIndirectInputEvents = YES;
				INFOPLIST_KEY_UILaunchScreen_Generation = YES;
				INFOPLIST_KEY_UISupportedInterfaceOrientations_iPad = "UIInterfaceOrientationPortrait UIInterfaceOrientationPortraitUpsideDown UIInterfaceOrientationLandscapeLeft UIInterfaceOrientationLandscapeRight";
				INFOPLIST_KEY_UISupportedInterfaceOrientations_iPhone = UIInterfaceOrientationPortrait;
				INFOPLIST_KEY_NSCameraUsageDescription = "Quote uses the camera to capture text from book pages.";
				INFOPLIST_KEY_NSPhotoLibraryUsageDescription = "Quote uses the photo library to select an image for text recognition.";
				LD_RUNPATH_SEARCH_PATHS = (
					"$(inherited)",
					"@executable_path/Frameworks",
				);
				MARKETING_VERSION = 1.0;
				PRODUCT_BUNDLE_IDENTIFIER = com.quote.QuoteApp;
				SDKROOT = iphoneos;
				SWIFT_EMIT_LOC_STRINGS = YES;
				SWIFT_VERSION = 5.9;
				TARGETED_DEVICE_FAMILY = "1,2";
			};
			name = Debug;
		};
		C34289D2425DA3A365C6329F /* Debug */ = {
			isa = XCBuildConfiguration;
			buildSettings = {
				ALWAYS_SEARCH_USER_PATHS = NO;
				ASSETCATALOG_COMPILER_GENERATE_SWIFT_ASSET_SYMBOL_EXTENSIONS = YES;
				CLANG_ANALYZER_NONNULL = YES;
				CLANG_ANALYZER_NUMBER_OBJECT_CONVERSION = YES_AGGRESSIVE;
				CLANG_CXX_LANGUAGE_STANDARD = "gnu++14";
				CLANG_CXX_LIBRARY = "libc++";
				CLANG_ENABLE_MODULES = YES;
				CLANG_ENABLE_OBJC_ARC = YES;
				CLANG_ENABLE_OBJC_WEAK = YES;
				CLANG_WARN_BLOCK_CAPTURE_AUTORELEASING = YES;
				CLANG_WARN_BOOL_CONVERSION = YES;
				CLANG_WARN_COMMA = YES;
				CLANG_WARN_CONSTANT_CONVERSION = YES;
				CLANG_WARN_DEPRECATED_OBJC_IMPLEMENTATIONS = YES;
				CLANG_WARN_DIRECT_OBJC_ISA_USAGE = YES_ERROR;
				CLANG_WARN_DOCUMENTATION_COMMENTS = YES;
				CLANG_WARN_EMPTY_BODY = YES;
				CLANG_WARN_ENUM_CONVERSION = YES;
				CLANG_WARN_INFINITE_RECURSION = YES;
				CLANG_WARN_INT_CONVERSION = YES;
				CLANG_WARN_NON_LITERAL_NULL_CONVERSION = YES;
				CLANG_WARN_OBJC_IMPLICIT_RETAIN_SELF = YES;
				CLANG_WARN_OBJC_LITERAL_CONVERSION = YES;
				CLANG_WARN_OBJC_ROOT_CLASS = YES_ERROR;
				CLANG_WARN_QUOTED_INCLUDE_IN_FRAMEWORK_HEADER = YES;
				CLANG_WARN_RANGE_LOOP_ANALYSIS = YES;
				CLANG_WARN_STRICT_PROTOTYPES = YES;
				CLANG_WARN_SUSPICIOUS_MOVE = YES;
				CLANG_WARN_UNGUARDED_AVAILABILITY = YES_AGGRESSIVE;
				CLANG_WARN_UNREACHABLE_CODE = YES;
				CLANG_WARN__DUPLICATE_METHOD_MATCH = YES;
				COPY_PHASE_STRIP = NO;
				DEBUG_INFORMATION_FORMAT = dwarf;
				ENABLE_STRICT_OBJC_MSGSEND = YES;
				ENABLE_TESTABILITY = YES;
				ENABLE_USER_SCRIPT_SANDBOXING = YES;
				GCC_C_LANGUAGE_STANDARD = gnu11;
				GCC_DYNAMIC_NO_PIC = NO;
				GCC_NO_COMMON_BLOCKS = YES;
				GCC_OPTIMIZATION_LEVEL = 0;
				GCC_PREPROCESSOR_DEFINITIONS = (
					"$(inherited)",
					"DEBUG=1",
				);
				GCC_WARN_64_TO_32_BIT_CONVERSION = YES;
				GCC_WARN_ABOUT_RETURN_TYPE = YES_ERROR;
				GCC_WARN_UNDECLARED_SELECTOR = YES;
				GCC_WARN_UNINITIALIZED_AUTOS = YES_AGGRESSIVE;
				GCC_WARN_UNUSED_FUNCTION = YES;
				GCC_WARN_UNUSED_VARIABLE = YES;
				IPHONEOS_DEPLOYMENT_TARGET = 17.0;
				MTL_ENABLE_DEBUG_INFO = INCLUDE_SOURCE;
				MTL_FAST_MATH = YES;
				ONLY_ACTIVE_ARCH = YES;
				PRODUCT_NAME = "$(TARGET_NAME)";
				SDKROOT = iphoneos;
				STRING_CATALOG_GENERATE_SYMBOLS = YES;
				SWIFT_ACTIVE_COMPILATION_CONDITIONS = DEBUG;
				SWIFT_OPTIMIZATION_LEVEL = "-Onone";
				SWIFT_VERSION = 6.0;
			};
			name = Debug;
		};
		EC2FB3700BB3CAAE6E4764B7 /* Release */ = {
			isa = XCBuildConfiguration;
			buildSettings = {
				ALWAYS_SEARCH_USER_PATHS = NO;
				ASSETCATALOG_COMPILER_GENERATE_SWIFT_ASSET_SYMBOL_EXTENSIONS = YES;
				CLANG_ANALYZER_NONNULL = YES;
				CLANG_ANALYZER_NUMBER_OBJECT_CONVERSION = YES_AGGRESSIVE;
				CLANG_CXX_LANGUAGE_STANDARD = "gnu++14";
				CLANG_CXX_LIBRARY = "libc++";
				CLANG_ENABLE_MODULES = YES;
				CLANG_ENABLE_OBJC_ARC = YES;
				CLANG_ENABLE_OBJC_WEAK = YES;
				CLANG_WARN_BLOCK_CAPTURE_AUTORELEASING = YES;
				CLANG_WARN_BOOL_CONVERSION = YES;
				CLANG_WARN_COMMA = YES;
				CLANG_WARN_CONSTANT_CONVERSION = YES;
				CLANG_WARN_DEPRECATED_OBJC_IMPLEMENTATIONS = YES;
				CLANG_WARN_DIRECT_OBJC_ISA_USAGE = YES_ERROR;
				CLANG_WARN_DOCUMENTATION_COMMENTS = YES;
				CLANG_WARN_EMPTY_BODY = YES;
				CLANG_WARN_ENUM_CONVERSION = YES;
				CLANG_WARN_INFINITE_RECURSION = YES;
				CLANG_WARN_INT_CONVERSION = YES;
				CLANG_WARN_NON_LITERAL_NULL_CONVERSION = YES;
				CLANG_WARN_OBJC_IMPLICIT_RETAIN_SELF = YES;
				CLANG_WARN_OBJC_LITERAL_CONVERSION = YES;
				CLANG_WARN_OBJC_ROOT_CLASS = YES_ERROR;
				CLANG_WARN_QUOTED_INCLUDE_IN_FRAMEWORK_HEADER = YES;
				CLANG_WARN_RANGE_LOOP_ANALYSIS = YES;
				CLANG_WARN_STRICT_PROTOTYPES = YES;
				CLANG_WARN_SUSPICIOUS_MOVE = YES;
				CLANG_WARN_UNGUARDED_AVAILABILITY = YES_AGGRESSIVE;
				CLANG_WARN_UNREACHABLE_CODE = YES;
				CLANG_WARN__DUPLICATE_METHOD_MATCH = YES;
				COPY_PHASE_STRIP = NO;
				DEBUG_INFORMATION_FORMAT = "dwarf-with-dsym";
				ENABLE_NS_ASSERTIONS = NO;
				ENABLE_STRICT_OBJC_MSGSEND = YES;
				ENABLE_USER_SCRIPT_SANDBOXING = YES;
				GCC_C_LANGUAGE_STANDARD = gnu11;
				GCC_NO_COMMON_BLOCKS = YES;
				GCC_WARN_64_TO_32_BIT_CONVERSION = YES;
				GCC_WARN_ABOUT_RETURN_TYPE = YES_ERROR;
				GCC_WARN_UNDECLARED_SELECTOR = YES;
				GCC_WARN_UNINITIALIZED_AUTOS = YES_AGGRESSIVE;
				GCC_WARN_UNUSED_FUNCTION = YES;
				GCC_WARN_UNUSED_VARIABLE = YES;
				IPHONEOS_DEPLOYMENT_TARGET = 17.0;
				MTL_ENABLE_DEBUG_INFO = NO;
				MTL_FAST_MATH = YES;
				PRODUCT_NAME = "$(TARGET_NAME)";
				SDKROOT = iphoneos;
				STRING_CATALOG_GENERATE_SYMBOLS = YES;
				SWIFT_COMPILATION_MODE = wholemodule;
				SWIFT_OPTIMIZATION_LEVEL = "-O";
				SWIFT_VERSION = 6.0;
			};
			name = Release;
		};
/* End XCBuildConfiguration section */

/* Begin XCConfigurationList section */
		7469ACCAA340714B599ACE68 /* Build configuration list for PBXNativeTarget "QuoteApp" */ = {
			isa = XCConfigurationList;
			buildConfigurations = (
				94A5C34407E527E61C80A706 /* Debug */,
				4AD789C12309C2B3DE5C6CF6 /* Release */,
			);
			defaultConfigurationIsVisible = 0;
			defaultConfigurationName = Debug;
		};
		96229B68A584E0E0463CDFC7 /* Build configuration list for PBXProject "QuoteApp" */ = {
			isa = XCConfigurationList;
			buildConfigurations = (
				C34289D2425DA3A365C6329F /* Debug */,
				EC2FB3700BB3CAAE6E4764B7 /* Release */,
			);
			defaultConfigurationIsVisible = 0;
			defaultConfigurationName = Debug;
		};
/* End XCConfigurationList section */
	};
	rootObject = D32DD8D8B033D305E062BCD7 /* Project object */;
}
